
Microsoft Visual Studio Solution File, Format Version 12.00
# Visual Studio Version 16
VisualStudioVersion = 16.0.30011.22
MinimumVisualStudioVersion = 10.0.40219.1
Project("{FAE04EC0-301F-11D3-BF4B-00C04F79EFBC}") = "stripe-api-sandbox", "stripe-api-sandbox\stripe-api-sandbox.csproj", "{8CCF202B-9CB5-4D58-A126-F68735FFB4CE}"
EndProject
Global
	GlobalSection(SolutionConfigurationPlatforms) = preSolution
		Debug|Any CPU = Debug|Any CPU
		Release|Any CPU = Release|Any CPU
	EndGlobalSection
	GlobalSection(ProjectConfigurationPlatforms) = postSolution
		{8CCF202B-9CB5-4D58-A126-F68735FFB4CE}.Debug|Any CPU.ActiveCfg = Debug|Any CPU
		{8CCF202B-9CB5-4D58-A126-F68735FFB4CE}.Debug|Any CPU.Build.0 = Debug|Any CPU
		{8CCF202B-9CB5-4D58-A126-F68735FFB4CE}.Release|Any CPU.ActiveCfg = Release|Any CPU
		{8CCF202B-9CB5-4D58-A126-F68735FFB4CE}.Release|Any CPU.Build.0 = Release|Any CPU
	EndGlobalSection
	GlobalSection(SolutionProperties) = preSolution
		HideSolutionNode = FALSE
	EndGlobalSection
	GlobalSection(ExtensibilityGlobals) = postSolution
		SolutionGuid = {32AF141F-6499-481B-B654-92402E90E013}
	EndGlobalSection
EndGlobal
